// !$*UTF8*$!
{
	archiveVersion = 1;
	classes = {
	};
	objectVersion = 51;
	objects = {

/* Begin PBXBuildFile section */
		0158EAC9256DAC2600C98FCE /* DetailViewController.swift in Sources */ = {isa = PBXBuildFile; fileRef = 0158EAC7256DAC2600C98FCE /* DetailViewController.swift */; };
		0158EACA256DAC2600C98FCE /* DetailViewController.xib in Resources */ = {isa = PBXBuildFile; fileRef = 0158EAC8256DAC2600C98FCE /* DetailViewController.xib */; };
		01C677E4256CCC85007B0EAB /* placeholder-image-small.png in Resources */ = {isa = PBXBuildFile; fileRef = 01C677E3256CCC85007B0EAB /* placeholder-image-small.png */; };
		01ECFE6825664F8600A7FCA4 /* AppDelegate.swift in Sources */ = {isa = PBXBuildFile; fileRef = 01ECFE6725664F8600A7FCA4 /* AppDelegate.swift */; };
		01ECFE6A25664F8600A7FCA4 /* SceneDelegate.swift in Sources */ = {isa = PBXBuildFile; fileRef = 01ECFE6925664F8600A7FCA4 /* SceneDelegate.swift */; };
		01ECFE6C25664F8600A7FCA4 /* MedlyViewController.swift in Sources */ = {isa = PBXBuildFile; fileRef = 01ECFE6B25664F8600A7FCA4 /* MedlyViewController.swift */; };
		01ECFE6F25664F8600A7FCA4 /* Main.storyboard in Resources */ = {isa = PBXBuildFile; fileRef = 01ECFE6D25664F8600A7FCA4 /* Main.storyboard */; };
		01ECFE7125664F8B00A7FCA4 /* Assets.xcassets in Resources */ = {isa = PBXBuildFile; fileRef = 01ECFE7025664F8B00A7FCA4 /* Assets.xcassets */; };
		01ECFE7425664F8B00A7FCA4 /* LaunchScreen.storyboard in Resources */ = {isa = PBXBuildFile; fileRef = 01ECFE7225664F8B00A7FCA4 /* LaunchScreen.storyboard */; };
		01ECFE7D256650EE00A7FCA4 /* CountriesLoader.swift in Sources */ = {isa = PBXBuildFile; fileRef = 01ECFE7C256650EE00A7FCA4 /* CountriesLoader.swift */; };
		01ECFE82256651BC00A7FCA4 /* URLs.plist in Resources */ = {isa = PBXBuildFile; fileRef = 01ECFE81256651BC00A7FCA4 /* URLs.plist */; };
		01ECFE852566529700A7FCA4 /* Country.swift in Sources */ = {isa = PBXBuildFile; fileRef = 01ECFE842566529700A7FCA4 /* Country.swift */; };
		01ECFE8A2566571600A7FCA4 /* CountryTableViewCell.swift in Sources */ = {isa = PBXBuildFile; fileRef = 01ECFE892566571600A7FCA4 /* CountryTableViewCell.swift */; };
		462A109E1875251B860E466B /* Pods_MedlyApp.framework in Frameworks */ = {isa = PBXBuildFile; fileRef = A3F8D4989B8E4F1D689AF646 /* Pods_MedlyApp.framework */; };
/* End PBXBuildFile section */

/* Begin PBXFileReference section */
		0158EAC7256DAC2600C98FCE /* DetailViewController.swift */ = {isa = PBXFileReference; lastKnownFileType = sourcecode.swift; path = DetailViewController.swift; sourceTree = "<group>"; };
		0158EAC8256DAC2600C98FCE /* DetailViewController.xib */ = {isa = PBXFileReference; lastKnownFileType = file.xib; path = DetailViewController.xib; sourceTree = "<group>"; };
		01C677E3256CCC85007B0EAB /* placeholder-image-small.png */ = {isa = PBXFileReference; lastKnownFileType = image.png; path = "placeholder-image-small.png"; sourceTree = "<group>"; };
		01ECFE6425664F8600A7FCA4 /* MedlyApp.app */ = {isa = PBXFileReference; explicitFileType = wrapper.application; includeInIndex = 0; path = MedlyApp.app; sourceTree = BUILT_PRODUCTS_DIR; };
		01ECFE6725664F8600A7FCA4 /* AppDelegate.swift */ = {isa = PBXFileReference; lastKnownFileType = sourcecode.swift; path = AppDelegate.swift; sourceTree = "<group>"; };
		01ECFE6925664F8600A7FCA4 /* SceneDelegate.swift */ = {isa = PBXFileReference; lastKnownFileType = sourcecode.swift; path = SceneDelegate.swift; sourceTree = "<group>"; };
		01ECFE6B25664F8600A7FCA4 /* MedlyViewController.swift */ = {isa = PBXFileReference; lastKnownFileType = sourcecode.swift; path = MedlyViewController.swift; sourceTree = "<group>"; };
		01ECFE6E25664F8600A7FCA4 /* Base */ = {isa = PBXFileReference; lastKnownFileType = file.storyboard; name = Base; path = Base.lproj/Main.storyboard; sourceTree = "<group>"; };
		01ECFE7025664F8B00A7FCA4 /* Assets.xcassets */ = {isa = PBXFileReference; lastKnownFileType = folder.assetcatalog; path = Assets.xcassets; sourceTree = "<group>"; };
		01ECFE7325664F8B00A7FCA4 /* Base */ = {isa = PBXFileReference; lastKnownFileType = file.storyboard; name = Base; path = Base.lproj/LaunchScreen.storyboard; sourceTree = "<group>"; };
		01ECFE7525664F8B00A7FCA4 /* Info.plist */ = {isa = PBXFileReference; lastKnownFileType = text.plist.xml; path = Info.plist; sourceTree = "<group>"; };
		01ECFE7C256650EE00A7FCA4 /* CountriesLoader.swift */ = {isa = PBXFileReference; lastKnownFileType = sourcecode.swift; path = CountriesLoader.swift; sourceTree = "<group>"; };
		01ECFE81256651BC00A7FCA4 /* URLs.plist */ = {isa = PBXFileReference; lastKnownFileType = text.plist.xml; path = URLs.plist; sourceTree = "<group>"; };
		01ECFE842566529700A7FCA4 /* Country.swift */ = {isa = PBXFileReference; lastKnownFileType = sourcecode.swift; path = Country.swift; sourceTree = "<group>"; };
		01ECFE892566571600A7FCA4 /* CountryTableViewCell.swift */ = {isa = PBXFileReference; lastKnownFileType = sourcecode.swift; path = CountryTableViewCell.swift; sourceTree = "<group>"; };
		3054C456C3C960CD214E00E4 /* Pods-MedlyApp.debug.xcconfig */ = {isa = PBXFileReference; includeInIndex = 1; lastKnownFileType = text.xcconfig; name = "Pods-MedlyApp.debug.xcconfig"; path = "Target Support Files/Pods-MedlyApp/Pods-MedlyApp.debug.xcconfig"; sourceTree = "<group>"; };
		A3F8D4989B8E4F1D689AF646 /* Pods_MedlyApp.framework */ = {isa = PBXFileReference; explicitFileType = wrapper.framework; includeInIndex = 0; path = Pods_MedlyApp.framework; sourceTree = BUILT_PRODUCTS_DIR; };
		E6A8F51327C026255AF104F6 /* Pods-MedlyApp.release.xcconfig */ = {isa = PBXFileReference; includeInIndex = 1; lastKnownFileType = text.xcconfig; name = "Pods-MedlyApp.release.xcconfig"; path = "Target Support Files/Pods-MedlyApp/Pods-MedlyApp.release.xcconfig"; sourceTree = "<group>"; };
/* End PBXFileReference section */

/* Begin PBXFrameworksBuildPhase section */
		01ECFE6125664F8600A7FCA4 /* Frameworks */ = {
			isa = PBXFrameworksBuildPhase;
			buildActionMask = 2147483647;
			files = (
				462A109E1875251B860E466B /* Pods_MedlyApp.framework in Frameworks */,
			);
			runOnlyForDeploymentPostprocessing = 0;
		};
/* End PBXFrameworksBuildPhase section */

/* Begin PBXGroup section */
		01ECFE5B25664F8600A7FCA4 = {
			isa = PBXGroup;
			children = (
				01ECFE6625664F8600A7FCA4 /* MedlyApp */,
				01ECFE6525664F8600A7FCA4 /* Products */,
				4BE2999D302B4121574AB214 /* Pods */,
				E7927D496FEA48A8F997D0D8 /* Frameworks */,
			);
			sourceTree = "<group>";
		};
		01ECFE6525664F8600A7FCA4 /* Products */ = {
			isa = PBXGroup;
			children = (
				01ECFE6425664F8600A7FCA4 /* MedlyApp.app */,
			);
			name = Products;
			sourceTree = "<group>";
		};
		01ECFE6625664F8600A7FCA4 /* MedlyApp */ = {
			isa = PBXGroup;
			children = (
				01ECFE6725664F8600A7FCA4 /* AppDelegate.swift */,
				01ECFE6925664F8600A7FCA4 /* SceneDelegate.swift */,
				01ECFE6B25664F8600A7FCA4 /* MedlyViewController.swift */,
				0158EAC7256DAC2600C98FCE /* DetailViewController.swift */,
				0158EAC8256DAC2600C98FCE /* DetailViewController.xib */,
				01ECFE8C2566571F00A7FCA4 /* Views */,
				01ECFE872566561C00A7FCA4 /* Models */,
				01ECFE7F256650F300A7FCA4 /* Network */,
				01ECFE6D25664F8600A7FCA4 /* Main.storyboard */,
				01ECFE7025664F8B00A7FCA4 /* Assets.xcassets */,
				01ECFE7225664F8B00A7FCA4 /* LaunchScreen.storyboard */,
				01ECFE7525664F8B00A7FCA4 /* Info.plist */,
				01ECFE81256651BC00A7FCA4 /* URLs.plist */,
				01C677E3256CCC85007B0EAB /* placeholder-image-small.png */,
			);
			path = MedlyApp;
			sourceTree = "<group>";
		};
		01ECFE7F256650F300A7FCA4 /* Network */ = {
			isa = PBXGroup;
			children = (
				01ECFE7C256650EE00A7FCA4 /* CountriesLoader.swift */,
			);
			path = Network;
			sourceTree = "<group>";
		};
		01ECFE872566561C00A7FCA4 /* Models */ = {
			isa = PBXGroup;
			children = (
				01ECFE842566529700A7FCA4 /* Country.swift */,
			);
			path = Models;
			sourceTree = "<group>";
		};
		01ECFE8C2566571F00A7FCA4 /* Views */ = {
			isa = PBXGroup;
			children = (
				01ECFE892566571600A7FCA4 /* CountryTableViewCell.swift */,
			);
			path = Views;
			sourceTree = "<group>";
		};
		4BE2999D302B4121574AB214 /* Pods */ = {
			isa = PBXGroup;
			children = (
				3054C456C3C960CD214E00E4 /* Pods-MedlyApp.debug.xcconfig */,
				E6A8F51327C026255AF104F6 /* Pods-MedlyApp.release.xcconfig */,
			);
			path = Pods;
			sourceTree = "<group>";
		};
		E7927D496FEA48A8F997D0D8 /* Frameworks */ = {
			isa = PBXGroup;
			children = (
				A3F8D4989B8E4F1D689AF646 /* Pods_MedlyApp.framework */,
			);
			name = Frameworks;
			sourceTree = "<group>";
		};
/* End PBXGroup section */

/* Begin PBXNativeTarget section */
		01ECFE6325664F8600A7FCA4 /* MedlyApp */ = {
			isa = PBXNativeTarget;
			buildConfigurationList = 01ECFE7825664F8B00A7FCA4 /* Build configuration list for PBXNativeTarget "MedlyApp" */;
			buildPhases = (
				F79725DAED86F09D87217D17 /* [CP] Check Pods Manifest.lock */,
				01ECFE6025664F8600A7FCA4 /* Sources */,
				01ECFE6125664F8600A7FCA4 /* Frameworks */,
				01ECFE6225664F8600A7FCA4 /* Resources */,
				C8DD23ABD88BDC89F0A9CD8E /* [CP] Embed Pods Frameworks */,
			);
			buildRules = (
			);
			dependencies = (
			);
			name = MedlyApp;
			productName = MedlyApp;
			productReference = 01ECFE6425664F8600A7FCA4 /* MedlyApp.app */;
			productType = "com.apple.product-type.application";
		};
/* End PBXNativeTarget section */

/* Begin PBXProject section */
		01ECFE5C25664F8600A7FCA4 /* Project object */ = {
			isa = PBXProject;
			attributes = {
				LastSwiftUpdateCheck = 1200;
				LastUpgradeCheck = 1200;
				TargetAttributes = {
					01ECFE6325664F8600A7FCA4 = {
						CreatedOnToolsVersion = 12.0.1;
					};
				};
			};
			buildConfigurationList = 01ECFE5F25664F8600A7FCA4 /* Build configuration list for PBXProject "MedlyApp" */;
			compatibilityVersion = "Xcode 9.3";
			developmentRegion = en;
			hasScannedForEncodings = 0;
			knownRegions = (
				en,
				Base,
			);
			mainGroup = 01ECFE5B25664F8600A7FCA4;
			productRefGroup = 01ECFE6525664F8600A7FCA4 /* Products */;
			projectDirPath = "";
			projectRoot = "";
			targets = (
				01ECFE6325664F8600A7FCA4 /* MedlyApp */,
			);
		};
/* End PBXProject section */

/* Begin PBXResourcesBuildPhase section */
		01ECFE6225664F8600A7FCA4 /* Resources */ = {
			isa = PBXResourcesBuildPhase;
			buildActionMask = 2147483647;
			files = (
				01ECFE7425664F8B00A7FCA4 /* LaunchScreen.storyboard in Resources */,
				0158EACA256DAC2600C98FCE /* DetailViewController.xib in Resources */,
				01C677E4256CCC85007B0EAB /* placeholder-image-small.png in Resources */,
				01ECFE7125664F8B00A7FCA4 /* Assets.xcassets in Resources */,
				01ECFE82256651BC00A7FCA4 /* URLs.plist in Resources */,
				01ECFE6F25664F8600A7FCA4 /* Main.storyboard in Resources */,
			);
			runOnlyForDeploymentPostprocessing = 0;
		};
/* End PBXResourcesBuildPhase section */

/* Begin PBXShellScriptBuildPhase section */
		C8DD23ABD88BDC89F0A9CD8E /* [CP] Embed Pods Frameworks */ = {
			isa = PBXShellScriptBuildPhase;
			buildActionMask = 2147483647;
			files = (
			);
			inputFileListPaths = (
				"${PODS_ROOT}/Target Support Files/Pods-MedlyApp/Pods-MedlyApp-frameworks-${CONFIGURATION}-input-files.xcfilelist",
			);
			name = "[CP] Embed Pods Frameworks";
			outputFileListPaths = (
				"${PODS_ROOT}/Target Support Files/Pods-MedlyApp/Pods-MedlyApp-frameworks-${CONFIGURATION}-output-files.xcfilelist",
			);
			runOnlyForDeploymentPostprocessing = 0;
			shellPath = /bin/sh;
			shellScript = "\"${PODS_ROOT}/Target Support Files/Pods-MedlyApp/Pods-MedlyApp-frameworks.sh\"\n";
			showEnvVarsInLog = 0;
		};
		F79725DAED86F09D87217D17 /* [CP] Check Pods Manifest.lock */ = {
			isa = PBXShellScriptBuildPhase;
			buildActionMask = 2147483647;
			files = (
			);
			inputFileListPaths = (
			);
			inputPaths = (
				"${PODS_PODFILE_DIR_PATH}/Podfile.lock",
				"${PODS_ROOT}/Manifest.lock",
			);
			name = "[CP] Check Pods Manifest.lock";
			outputFileListPaths = (
			);
			outputPaths = (
				"$(DERIVED_FILE_DIR)/Pods-MedlyApp-checkManifestLockResult.txt",
			);
			runOnlyForDeploymentPostprocessing = 0;
			shellPath = /bin/sh;
			shellScript = "diff \"${PODS_PODFILE_DIR_PATH}/Podfile.lock\" \"${PODS_ROOT}/Manifest.lock\" > /dev/null\nif [ $? != 0 ] ; then\n    # print error to STDERR\n    echo \"error: The sandbox is not in sync with the Podfile.lock. Run 'pod install' or update your CocoaPods installation.\" >&2\n    exit 1\nfi\n# This output is used by Xcode 'outputs' to avoid re-running this script phase.\necho \"SUCCESS\" > \"${SCRIPT_OUTPUT_FILE_0}\"\n";
			showEnvVarsInLog = 0;
		};
/* End PBXShellScriptBuildPhase section */

/* Begin PBXSourcesBuildPhase section */
		01ECFE6025664F8600A7FCA4 /* Sources */ = {
			isa = PBXSourcesBuildPhase;
			buildActionMask = 2147483647;
			files = (
				01ECFE8A2566571600A7FCA4 /* CountryTableViewCell.swift in Sources */,
				01ECFE6C25664F8600A7FCA4 /* MedlyViewController.swift in Sources */,
				01ECFE6825664F8600A7FCA4 /* AppDelegate.swift in Sources */,
				01ECFE6A25664F8600A7FCA4 /* SceneDelegate.swift in Sources */,
				01ECFE852566529700A7FCA4 /* Country.swift in Sources */,
				01ECFE7D256650EE00A7FCA4 /* CountriesLoader.swift in Sources */,
				0158EAC9256DAC2600C98FCE /* DetailViewController.swift in Sources */,
			);
			runOnlyForDeploymentPostprocessing = 0;
		};
/* End PBXSourcesBuildPhase section */

/* Begin PBXVariantGroup section */
		01ECFE6D25664F8600A7FCA4 /* Main.storyboard */ = {
			isa = PBXVariantGroup;
			children = (
				01ECFE6E25664F8600A7FCA4 /* Base */,
			);
			name = Main.storyboard;
			sourceTree = "<group>";
		};
		01ECFE7225664F8B00A7FCA4 /* LaunchScreen.storyboard */ = {
			isa = PBXVariantGroup;
			children = (
				01ECFE7325664F8B00A7FCA4 /* Base */,
			);
			name = LaunchScreen.storyboard;
			sourceTree = "<group>";
		};
/* End PBXVariantGroup section */

/* Begin XCBuildConfiguration section */
		01ECFE7625664F8B00A7FCA4 /* Debug */ = {
			isa = XCBuildConfiguration;
			buildSettings = {
				ALWAYS_SEARCH_USER_PATHS = NO;
				CLANG_ANALYZER_NONNULL = YES;
				CLANG_ANALYZER_NUMBER_OBJECT_CONVERSION = YES_AGGRESSIVE;
				CLANG_CXX_LANGUAGE_STANDARD = "gnu++14";
				CLANG_CXX_LIBRARY = "libc++";
				CLANG_ENABLE_MODULES = YES;
				CLANG_ENABLE_OBJC_ARC = YES;
				CLANG_ENABLE_OBJC_WEAK = YES;
				CLANG_WARN_BLOCK_CAPTURE_AUTORELEASING = YES;
				CLANG_WARN_BOOL_CONVERSION = YES;
				CLANG_WARN_COMMA = YES;
				CLANG_WARN_CONSTANT_CONVERSION = YES;
				CLANG_WARN_DEPRECATED_OBJC_IMPLEMENTATIONS = YES;
				CLANG_WARN_DIRECT_OBJC_ISA_USAGE = YES_ERROR;
				CLANG_WARN_DOCUMENTATION_COMMENTS = YES;
				CLANG_WARN_EMPTY_BODY = YES;
				CLANG_WARN_ENUM_CONVERSION = YES;
				CLANG_WARN_INFINITE_RECURSION = YES;
				CLANG_WARN_INT_CONVERSION = YES;
				CLANG_WARN_NON_LITERAL_NULL_CONVERSION = YES;
				CLANG_WARN_OBJC_IMPLICIT_RETAIN_SELF = YES;
				CLANG_WARN_OBJC_LITERAL_CONVERSION = YES;
				CLANG_WARN_OBJC_ROOT_CLASS = YES_ERROR;
				CLANG_WARN_QUOTED_INCLUDE_IN_FRAMEWORK_HEADER = YES;
				CLANG_WARN_RANGE_LOOP_ANALYSIS = YES;
				CLANG_WARN_STRICT_PROTOTYPES = YES;
				CLANG_WARN_SUSPICIOUS_MOVE = YES;
				CLANG_WARN_UNGUARDED_AVAILABILITY = YES_AGGRESSIVE;
				CLANG_WARN_UNREACHABLE_CODE = YES;
				CLANG_WARN__DUPLICATE_METHOD_MATCH = YES;
				COPY_PHASE_STRIP = NO;
				DEBUG_INFORMATION_FORMAT = dwarf;
				ENABLE_STRICT_OBJC_MSGSEND = YES;
				ENABLE_TESTABILITY = YES;
				GCC_C_LANGUAGE_STANDARD = gnu11;
				GCC_DYNAMIC_NO_PIC = NO;
				GCC_NO_COMMON_BLOCKS = YES;
				GCC_OPTIMIZATION_LEVEL = 0;
				GCC_PREPROCESSOR_DEFINITIONS = (
					"DEBUG=1",
					"$(inherited)",
				);
				GCC_WARN_64_TO_32_BIT_CONVERSION = YES;
				GCC_WARN_ABOUT_RETURN_TYPE = YES_ERROR;
				GCC_WARN_UNDECLARED_SELECTOR = YES;
				GCC_WARN_UNINITIALIZED_AUTOS = YES_AGGRESSIVE;
				GCC_WARN_UNUSED_FUNCTION = YES;
				GCC_WARN_UNUSED_VARIABLE = YES;
				IPHONEOS_DEPLOYMENT_TARGET = 14.0;
				MTL_ENABLE_DEBUG_INFO = INCLUDE_SOURCE;
				MTL_FAST_MATH = YES;
				ONLY_ACTIVE_ARCH = YES;
				SDKROOT = iphoneos;
				SWIFT_ACTIVE_COMPILATION_CONDITIONS = DEBUG;
				SWIFT_OPTIMIZATION_LEVEL = "-Onone";
			};
			name = Debug;
		};
		01ECFE7725664F8B00A7FCA4 /* Release */ = {
			isa = XCBuildConfiguration;
			buildSettings = {
				ALWAYS_SEARCH_USER_PATHS = NO;
				CLANG_ANALYZER_NONNULL = YES;
				CLANG_ANALYZER_NUMBER_OBJECT_CONVERSION = YES_AGGRESSIVE;
				CLANG_CXX_LANGUAGE_STANDARD = "gnu++14";
				CLANG_CXX_LIBRARY = "libc++";
				CLANG_ENABLE_MODULES = YES;
				CLANG_ENABLE_OBJC_ARC = YES;
				CLANG_ENABLE_OBJC_WEAK = YES;
				CLANG_WARN_BLOCK_CAPTURE_AUTORELEASING = YES;
				CLANG_WARN_BOOL_CONVERSION = YES;
				CLANG_WARN_COMMA = YES;
				CLANG_WARN_CONSTANT_CONVERSION = YES;
				CLANG_WARN_DEPRECATED_OBJC_IMPLEMENTATIONS = YES;
				CLANG_WARN_DIRECT_OBJC_ISA_USAGE = YES_ERROR;
				CLANG_WARN_DOCUMENTATION_COMMENTS = YES;
				CLANG_WARN_EMPTY_BODY = YES;
				CLANG_WARN_ENUM_CONVERSION = YES;
				CLANG_WARN_INFINITE_RECURSION = YES;
				CLANG_WARN_INT_CONVERSION = YES;
				CLANG_WARN_NON_LITERAL_NULL_CONVERSION = YES;
				CLANG_WARN_OBJC_IMPLICIT_RETAIN_SELF = YES;
				CLANG_WARN_OBJC_LITERAL_CONVERSION = YES;
				CLANG_WARN_OBJC_ROOT_CLASS = YES_ERROR;
				CLANG_WARN_QUOTED_INCLUDE_IN_FRAMEWORK_HEADER = YES;
				CLANG_WARN_RANGE_LOOP_ANALYSIS = YES;
				CLANG_WARN_STRICT_PROTOTYPES = YES;
				CLANG_WARN_SUSPICIOUS_MOVE = YES;
				CLANG_WARN_UNGUARDED_AVAILABILITY = YES_AGGRESSIVE;
				CLANG_WARN_UNREACHABLE_CODE = YES;
				CLANG_WARN__DUPLICATE_METHOD_MATCH = YES;
				COPY_PHASE_STRIP = NO;
				DEBUG_INFORMATION_FORMAT = "dwarf-with-dsym";
				ENABLE_NS_ASSERTIONS = NO;
				ENABLE_STRICT_OBJC_MSGSEND = YES;
				GCC_C_LANGUAGE_STANDARD = gnu11;
				GCC_NO_COMMON_BLOCKS = YES;
				GCC_WARN_64_TO_32_BIT_CONVERSION = YES;
				GCC_WARN_ABOUT_RETURN_TYPE = YES_ERROR;
				GCC_WARN_UNDECLARED_SELECTOR = YES;
				GCC_WARN_UNINITIALIZED_AUTOS = YES_AGGRESSIVE;
				GCC_WARN_UNUSED_FUNCTION = YES;
				GCC_WARN_UNUSED_VARIABLE = YES;
				IPHONEOS_DEPLOYMENT_TARGET = 14.0;
				MTL_ENABLE_DEBUG_INFO = NO;
				MTL_FAST_MATH = YES;
				SDKROOT = iphoneos;
				SWIFT_COMPILATION_MODE = wholemodule;
				SWIFT_OPTIMIZATION_LEVEL = "-O";
				VALIDATE_PRODUCT = YES;
			};
			name = Release;
		};
		01ECFE7925664F8B00A7FCA4 /* Debug */ = {
			isa = XCBuildConfiguration;
			baseConfigurationReference = 3054C456C3C960CD214E00E4 /* Pods-MedlyApp.debug.xcconfig */;
			buildSettings = {
				ASSETCATALOG_COMPILER_APPICON_NAME = AppIcon;
				ASSETCATALOG_COMPILER_GLOBAL_ACCENT_COLOR_NAME = AccentColor;
				CODE_SIGN_STYLE = Automatic;
				DEVELOPMENT_TEAM = E2NC49WV92;
				INFOPLIST_FILE = MedlyApp/Info.plist;
				LD_RUNPATH_SEARCH_PATHS = (
					"$(inherited)",
					"@executable_path/Frameworks",
				);
				PRODUCT_BUNDLE_IDENTIFIER = tonyfriz.MedlyApp;
				PRODUCT_NAME = "$(TARGET_NAME)";
				SWIFT_VERSION = 5.0;
				TARGETED_DEVICE_FAMILY = "1,2";
			};
			name = Debug;
		};
		01ECFE7A25664F8B00A7FCA4 /* Release */ = {
			isa = XCBuildConfiguration;
			baseConfigurationReference = E6A8F51327C026255AF104F6 /* Pods-MedlyApp.release.xcconfig */;
			buildSettings = {
				ASSETCATALOG_COMPILER_APPICON_NAME = AppIcon;
				ASSETCATALOG_COMPILER_GLOBAL_ACCENT_COLOR_NAME = AccentColor;
				CODE_SIGN_STYLE = Automatic;
				DEVELOPMENT_TEAM = E2NC49WV92;
				INFOPLIST_FILE = MedlyApp/Info.plist;
				LD_RUNPATH_SEARCH_PATHS = (
					"$(inherited)",
					"@executable_path/Frameworks",
				);
				PRODUCT_BUNDLE_IDENTIFIER = tonyfriz.MedlyApp;
				PRODUCT_NAME = "$(TARGET_NAME)";
				SWIFT_VERSION = 5.0;
				TARGETED_DEVICE_FAMILY = "1,2";
			};
			name = Release;
		};
/* End XCBuildConfiguration section */

/* Begin XCConfigurationList section */
		01ECFE5F25664F8600A7FCA4 /* Build configuration list for PBXProject "MedlyApp" */ = {
			isa = XCConfigurationList;
			buildConfigurations = (
				01ECFE7625664F8B00A7FCA4 /* Debug */,
				01ECFE7725664F8B00A7FCA4 /* Release */,
			);
			defaultConfigurationIsVisible = 0;
			defaultConfigurationName = Release;
		};
		01ECFE7825664F8B00A7FCA4 /* Build configuration list for PBXNativeTarget "MedlyApp" */ = {
			isa = XCConfigurationList;
			buildConfigurations = (
				01ECFE7925664F8B00A7FCA4 /* Debug */,
				01ECFE7A25664F8B00A7FCA4 /* Release */,
			);
			defaultConfigurationIsVisible = 0;
			defaultConfigurationName = Release;
		};
/* End XCConfigurationList section */
	};
	rootObject = 01ECFE5C25664F8600A7FCA4 /* Project object */;
}
